
Microsoft Visual Studio Solution File, Format Version 12.00
# Visual Studio Version 17
VisualStudioVersion = 17.0.31903.59
MinimumVisualStudioVersion = 10.0.40219.1
Project("{2150E333-8FDC-42A3-9474-1A3956D46DE8}") = "Services", "Services", "{AF850484-CDCB-46F8-A70B-1D1172B5A741}"
EndProject
Project("{2150E333-8FDC-42A3-9474-1A3956D46DE8}") = "Cart", "Cart", "{3C5A890F-17B3-4106-9D74-8EE487AB568A}"
EndProject
Project("{2150E333-8FDC-42A3-9474-1A3956D46DE8}") = "Ordering", "Ordering", "{5849B549-9425-40E9-B584-87343FC96152}"
EndProject
Project("{9A19103F-16F7-4668-BE54-9A1E7A4F7556}") = "Cart.API", "Services\Cart\Cart.API\Cart.API.csproj", "{6F5FFBD4-0573-444D-8024-6BFA53D66D9F}"
EndProject
Project("{9A19103F-16F7-4668-BE54-9A1E7A4F7556}") = "Ordering.API", "Services\Ordering\Ordering.API\Ordering.API.csproj", "{4B1B62B3-FD0A-4763-BF68-C71848F154B0}"
EndProject
Project("{9A19103F-16F7-4668-BE54-9A1E7A4F7556}") = "Ordering.Application", "Services\Ordering\Ordering.Application\Ordering.Application.csproj", "{ABFD7D8B-F1F2-4261-8108-4FFF61CFA148}"
EndProject
Project("{9A19103F-16F7-4668-BE54-9A1E7A4F7556}") = "Ordering.Domain", "Services\Ordering\Ordering.Domain\Ordering.Domain.csproj", "{0C35AC28-90A8-409D-8BC4-27457D4C2002}"
EndProject
Project("{9A19103F-16F7-4668-BE54-9A1E7A4F7556}") = "Ordering.Infrastructure", "Services\Ordering\Ordering.Infrastructure\Ordering.Infrastructure.csproj", "{DCD55438-E41E-48FE-B72D-D93F94FDDBAB}"
EndProject
Project("{E53339B2-1760-4266-BCC7-CA923CBCF16C}") = "docker-compose", "docker-compose.dcproj", "{746D70C2-F628-4D26-BA41-D0A5EC54B217}"
EndProject
Project("{2150E333-8FDC-42A3-9474-1A3956D46DE8}") = "BuildingBlocks", "BuildingBlocks", "{BCA7503D-A235-477F-BC60-9519808B9275}"
EndProject
Project("{9A19103F-16F7-4668-BE54-9A1E7A4F7556}") = "EventBus.Contracts", "BuildingBlocks\EventBus.Contracts\EventBus.Contracts.csproj", "{5665E73A-57A3-40F9-B717-4532141BF805}"
EndProject
Project("{9A19103F-16F7-4668-BE54-9A1E7A4F7556}") = "Common.Logging", "BuildingBlocks\Common.Logging\Common.Logging.csproj", "{32EC6D4B-709B-4095-91A1-65A94F885934}"
EndProject
Project("{FAE04EC0-301F-11D3-BF4B-00C04F79EFBC}") = "Cart.Application", "Services\Cart\Cart.Application\Cart.Application.csproj", "{4249F2DA-DABC-431C-9790-031F07EBE788}"
EndProject
Project("{FAE04EC0-301F-11D3-BF4B-00C04F79EFBC}") = "Cart.Domain", "Services\Cart\Cart.Domain\Cart.Domain.csproj", "{BF7519DE-78EA-43E0-B41A-4CA83CEEB49F}"
EndProject
Project("{FAE04EC0-301F-11D3-BF4B-00C04F79EFBC}") = "Cart.Infrastructure", "Services\Cart\Cart.Infrastructure\Cart.Infrastructure.csproj", "{BCC2D525-7917-46CC-AA61-CB58B63493AE}"
EndProject
Global
	GlobalSection(SolutionConfigurationPlatforms) = preSolution
		Debug|Any CPU = Debug|Any CPU
		Release|Any CPU = Release|Any CPU
	EndGlobalSection
	GlobalSection(ProjectConfigurationPlatforms) = postSolution
		{6F5FFBD4-0573-444D-8024-6BFA53D66D9F}.Debug|Any CPU.ActiveCfg = Debug|Any CPU
		{6F5FFBD4-0573-444D-8024-6BFA53D66D9F}.Debug|Any CPU.Build.0 = Debug|Any CPU
		{6F5FFBD4-0573-444D-8024-6BFA53D66D9F}.Release|Any CPU.ActiveCfg = Release|Any CPU
		{6F5FFBD4-0573-444D-8024-6BFA53D66D9F}.Release|Any CPU.Build.0 = Release|Any CPU
		{4B1B62B3-FD0A-4763-BF68-C71848F154B0}.Debug|Any CPU.ActiveCfg = Debug|Any CPU
		{4B1B62B3-FD0A-4763-BF68-C71848F154B0}.Debug|Any CPU.Build.0 = Debug|Any CPU
		{4B1B62B3-FD0A-4763-BF68-C71848F154B0}.Release|Any CPU.ActiveCfg = Release|Any CPU
		{4B1B62B3-FD0A-4763-BF68-C71848F154B0}.Release|Any CPU.Build.0 = Release|Any CPU
		{ABFD7D8B-F1F2-4261-8108-4FFF61CFA148}.Debug|Any CPU.ActiveCfg = Debug|Any CPU
		{ABFD7D8B-F1F2-4261-8108-4FFF61CFA148}.Debug|Any CPU.Build.0 = Debug|Any CPU
		{ABFD7D8B-F1F2-4261-8108-4FFF61CFA148}.Release|Any CPU.ActiveCfg = Release|Any CPU
		{ABFD7D8B-F1F2-4261-8108-4FFF61CFA148}.Release|Any CPU.Build.0 = Release|Any CPU
		{0C35AC28-90A8-409D-8BC4-27457D4C2002}.Debug|Any CPU.ActiveCfg = Debug|Any CPU
		{0C35AC28-90A8-409D-8BC4-27457D4C2002}.Debug|Any CPU.Build.0 = Debug|Any CPU
		{0C35AC28-90A8-409D-8BC4-27457D4C2002}.Release|Any CPU.ActiveCfg = Release|Any CPU
		{0C35AC28-90A8-409D-8BC4-27457D4C2002}.Release|Any CPU.Build.0 = Release|Any CPU
		{DCD55438-E41E-48FE-B72D-D93F94FDDBAB}.Debug|Any CPU.ActiveCfg = Debug|Any CPU
		{DCD55438-E41E-48FE-B72D-D93F94FDDBAB}.Debug|Any CPU.Build.0 = Debug|Any CPU
		{DCD55438-E41E-48FE-B72D-D93F94FDDBAB}.Release|Any CPU.ActiveCfg = Release|Any CPU
		{DCD55438-E41E-48FE-B72D-D93F94FDDBAB}.Release|Any CPU.Build.0 = Release|Any CPU
		{746D70C2-F628-4D26-BA41-D0A5EC54B217}.Debug|Any CPU.ActiveCfg = Debug|Any CPU
		{746D70C2-F628-4D26-BA41-D0A5EC54B217}.Debug|Any CPU.Build.0 = Debug|Any CPU
		{746D70C2-F628-4D26-BA41-D0A5EC54B217}.Release|Any CPU.ActiveCfg = Release|Any CPU
		{746D70C2-F628-4D26-BA41-D0A5EC54B217}.Release|Any CPU.Build.0 = Release|Any CPU
		{5665E73A-57A3-40F9-B717-4532141BF805}.Debug|Any CPU.ActiveCfg = Debug|Any CPU
		{5665E73A-57A3-40F9-B717-4532141BF805}.Debug|Any CPU.Build.0 = Debug|Any CPU
		{5665E73A-57A3-40F9-B717-4532141BF805}.Release|Any CPU.ActiveCfg = Release|Any CPU
		{5665E73A-57A3-40F9-B717-4532141BF805}.Release|Any CPU.Build.0 = Release|Any CPU
		{32EC6D4B-709B-4095-91A1-65A94F885934}.Debug|Any CPU.ActiveCfg = Debug|Any CPU
		{32EC6D4B-709B-4095-91A1-65A94F885934}.Debug|Any CPU.Build.0 = Debug|Any CPU
		{32EC6D4B-709B-4095-91A1-65A94F885934}.Release|Any CPU.ActiveCfg = Release|Any CPU
		{32EC6D4B-709B-4095-91A1-65A94F885934}.Release|Any CPU.Build.0 = Release|Any CPU
		{4249F2DA-DABC-431C-9790-031F07EBE788}.Debug|Any CPU.ActiveCfg = Debug|Any CPU
		{4249F2DA-DABC-431C-9790-031F07EBE788}.Debug|Any CPU.Build.0 = Debug|Any CPU
		{4249F2DA-DABC-431C-9790-031F07EBE788}.Release|Any CPU.ActiveCfg = Release|Any CPU
		{4249F2DA-DABC-431C-9790-031F07EBE788}.Release|Any CPU.Build.0 = Release|Any CPU
		{BF7519DE-78EA-43E0-B41A-4CA83CEEB49F}.Debug|Any CPU.ActiveCfg = Debug|Any CPU
		{BF7519DE-78EA-43E0-B41A-4CA83CEEB49F}.Debug|Any CPU.Build.0 = Debug|Any CPU
		{BF7519DE-78EA-43E0-B41A-4CA83CEEB49F}.Release|Any CPU.ActiveCfg = Release|Any CPU
		{BF7519DE-78EA-43E0-B41A-4CA83CEEB49F}.Release|Any CPU.Build.0 = Release|Any CPU
		{BCC2D525-7917-46CC-AA61-CB58B63493AE}.Debug|Any CPU.ActiveCfg = Debug|Any CPU
		{BCC2D525-7917-46CC-AA61-CB58B63493AE}.Debug|Any CPU.Build.0 = Debug|Any CPU
		{BCC2D525-7917-46CC-AA61-CB58B63493AE}.Release|Any CPU.ActiveCfg = Release|Any CPU
		{BCC2D525-7917-46CC-AA61-CB58B63493AE}.Release|Any CPU.Build.0 = Release|Any CPU
	EndGlobalSection
	GlobalSection(SolutionProperties) = preSolution
		HideSolutionNode = FALSE
	EndGlobalSection
	GlobalSection(NestedProjects) = preSolution
		{3C5A890F-17B3-4106-9D74-8EE487AB568A} = {AF850484-CDCB-46F8-A70B-1D1172B5A741}
		{5849B549-9425-40E9-B584-87343FC96152} = {AF850484-CDCB-46F8-A70B-1D1172B5A741}
		{6F5FFBD4-0573-444D-8024-6BFA53D66D9F} = {3C5A890F-17B3-4106-9D74-8EE487AB568A}
		{4B1B62B3-FD0A-4763-BF68-C71848F154B0} = {5849B549-9425-40E9-B584-87343FC96152}
		{ABFD7D8B-F1F2-4261-8108-4FFF61CFA148} = {5849B549-9425-40E9-B584-87343FC96152}
		{0C35AC28-90A8-409D-8BC4-27457D4C2002} = {5849B549-9425-40E9-B584-87343FC96152}
		{DCD55438-E41E-48FE-B72D-D93F94FDDBAB} = {5849B549-9425-40E9-B584-87343FC96152}
		{5665E73A-57A3-40F9-B717-4532141BF805} = {BCA7503D-A235-477F-BC60-9519808B9275}
		{32EC6D4B-709B-4095-91A1-65A94F885934} = {BCA7503D-A235-477F-BC60-9519808B9275}
		{4249F2DA-DABC-431C-9790-031F07EBE788} = {3C5A890F-17B3-4106-9D74-8EE487AB568A}
		{BF7519DE-78EA-43E0-B41A-4CA83CEEB49F} = {3C5A890F-17B3-4106-9D74-8EE487AB568A}
		{BCC2D525-7917-46CC-AA61-CB58B63493AE} = {3C5A890F-17B3-4106-9D74-8EE487AB568A}
	EndGlobalSection
	GlobalSection(ExtensibilityGlobals) = postSolution
		SolutionGuid = {D2F30B96-64F1-441A-8F82-93F18514455F}
	EndGlobalSection
EndGlobal
